<?xml version="1.0" encoding="utf-8"?>
<Project ToolsVersion="4.0" xmlns="http://schemas.microsoft.com/developer/msbuild/2003">
  <ItemGroup>
    <Filter Include="Source Files">
      <UniqueIdentifier>{4FC737F1-C7A5-4376-A066-2A32D752A2FF}</UniqueIdentifier>
      <Extensions>cpp;c;cc;cxx;def;odl;idl;hpj;bat;asm;asmx</Extensions>
    </Filter>
    <Filter Include="Header Files">
      <UniqueIdentifier>{93995380-89BD-4b04-88EB-625FBE52EBFB}</UniqueIdentifier>
      <Extensions>h;hh;hpp;hxx;hm;inl;inc;xsd</Extensions>
    </Filter>
    <Filter Include="Resource Files">
      <UniqueIdentifier>{67DA6AB6-F800-4c08-8B7A-83BB121AAD01}</UniqueIdentifier>
      <Extensions>rc;ico;cur;bmp;dlg;rc2;rct;bin;rgs;gif;jpg;jpeg;jpe;resx;tiff;tif;png;wav</Extensions>
    </Filter>
  </ItemGroup>
  <ItemGroup>
    <ClCompile Include="callback.cpp">
      <Filter>Source Files</Filter>
    </ClCompile>
    <ClCompile Include="opcodes.cpp">
      <Filter>Source Files</Filter>
    </ClCompile>
    <ClCompile Include="option.cpp">
      <Filter>Source Files</Filter>
    </ClCompile>
    <ClCompile Include="parser.cpp">
      <Filter>Source Files</Filter>
    </ClCompile>
    <ClCompile Include="rmd160.cpp">
      <Filter>Source Files</Filter>
    </ClCompile>
    <ClCompile Include="sha256.cpp">
      <Filter>Source Files</Filter>
    </ClCompile>
    <ClCompile Include="util.cpp">
      <Filter>Source Files</Filter>
    </ClCompile>
    <ClCompile Include="cb\allBalances.cpp">
      <Filter>Source Files</Filter>
    </ClCompile>
    <ClCompile Include="cb\closure.cpp">
      <Filter>Source Files</Filter>
    </ClCompile>
    <ClCompile Include="cb\dumpTX.cpp">
      <Filter>Source Files</Filter>
    </ClCompile>
    <ClCompile Include="cb\headers.cpp">
      <Filter>Source Files</Filter>
    </ClCompile>
    <ClCompile Include="cb\help.cpp">
      <Filter>Source Files</Filter>
    </ClCompile>
    <ClCompile Include="cb\pristine.cpp">
      <Filter>Source Files</Filter>
    </ClCompile>
    <ClCompile Include="cb\rawdump.cpp">
      <Filter>Source Files</Filter>
    </ClCompile>
    <ClCompile Include="cb\rewards.cpp">
      <Filter>Source Files</Filter>
    </ClCompile>
    <ClCompile Include="cb\simpleStats.cpp">
      <Filter>Source Files</Filter>
    </ClCompile>
    <ClCompile Include="cb\sql.cpp">
      <Filter>Source Files</Filter>
    </ClCompile>
    <ClCompile Include="cb\taint.cpp">
      <Filter>Source Files</Filter>
    </ClCompile>
    <ClCompile Include="cb\transactions.cpp">
      <Filter>Source Files</Filter>
    </ClCompile>
    <ClCompile Include="cb\txoTypes.cpp">
      <Filter>Source Files</Filter>
    </ClCompile>
    <ClCompile Include="h9\aes_helper.c">
      <Filter>Source Files</Filter>
    </ClCompile>
    <ClCompile Include="h9\blake.c">
      <Filter>Source Files</Filter>
    </ClCompile>
    <ClCompile Include="h9\bmw.c">
      <Filter>Source Files</Filter>
    </ClCompile>
    <ClCompile Include="h9\cubehash.c">
      <Filter>Source Files</Filter>
    </ClCompile>
    <ClCompile Include="h9\echo.c">
      <Filter>Source Files</Filter>
    </ClCompile>
    <ClCompile Include="h9\groestl.c">
      <Filter>Source Files</Filter>
    </ClCompile>
    <ClCompile Include="h9\jh.c">
      <Filter>Source Files</Filter>
    </ClCompile>
    <ClCompile Include="h9\keccak.c">
      <Filter>Source Files</Filter>
    </ClCompile>
    <ClCompile Include="h9\luffa.c">
      <Filter>Source Files</Filter>
    </ClCompile>
    <ClCompile Include="h9\shavite.c">
      <Filter>Source Files</Filter>
    </ClCompile>
    <ClCompile Include="h9\simd.c">
      <Filter>Source Files</Filter>
    </ClCompile>
    <ClCompile Include="h9\skein.c">
      <Filter>Source Files</Filter>
    </ClCompile>
    <ClCompile Include="scrypt\pbkdf2.cpp">
      <Filter>Source Files</Filter>
    </ClCompile>
    <ClCompile Include="scrypt\scrypt.cpp">
      <Filter>Source Files</Filter>
    </ClCompile>
  </ItemGroup>
  <ItemGroup>
    <ClInclude Include="callback.h">
      <Filter>Header Files</Filter>
    </ClInclude>
    <ClInclude Include="common.h">
      <Filter>Header Files</Filter>
    </ClInclude>
    <ClInclude Include="errlog.h">
      <Filter>Header Files</Filter>
    </ClInclude>
    <ClInclude Include="opcodes.h">
      <Filter>Header Files</Filter>
    </ClInclude>
    <ClInclude Include="option.h">
      <Filter>Header Files</Filter>
    </ClInclude>
    <ClInclude Include="rmd160.h">
      <Filter>Header Files</Filter>
    </ClInclude>
    <ClInclude Include="sha256.h">
      <Filter>Header Files</Filter>
    </ClInclude>
    <ClInclude Include="util.h">
      <Filter>Header Files</Filter>
    </ClInclude>
    <ClInclude Include="h9\h9.h">
      <Filter>Header Files</Filter>
    </ClInclude>
    <ClInclude Include="h9\sph_blake.h">
      <Filter>Header Files</Filter>
    </ClInclude>
    <ClInclude Include="h9\sph_bmw.h">
      <Filter>Header Files</Filter>
    </ClInclude>
    <ClInclude Include="h9\sph_cubehash.h">
      <Filter>Header Files</Filter>
    </ClInclude>
    <ClInclude Include="h9\sph_echo.h">
      <Filter>Header Files</Filter>
    </ClInclude>
    <ClInclude Include="h9\sph_groestl.h">
      <Filter>Header Files</Filter>
    </ClInclude>
    <ClInclude Include="h9\sph_jh.h">
      <Filter>Header Files</Filter>
    </ClInclude>
    <ClInclude Include="h9\sph_keccak.h">
      <Filter>Header Files</Filter>
    </ClInclude>
    <ClInclude Include="h9\sph_luffa.h">
      <Filter>Header Files</Filter>
    </ClInclude>
    <ClInclude Include="h9\sph_shavite.h">
      <Filter>Header Files</Filter>
    </ClInclude>
    <ClInclude Include="h9\sph_simd.h">
      <Filter>Header Files</Filter>
    </ClInclude>
    <ClInclude Include="h9\sph_skein.h">
      <Filter>Header Files</Filter>
    </ClInclude>
    <ClInclude Include="h9\sph_types.h">
      <Filter>Header Files</Filter>
    </ClInclude>
    <ClInclude Include="h9\uint256.h">
      <Filter>Header Files</Filter>
    </ClInclude>
    <ClInclude Include="scrypt\pbkdf2.h">
      <Filter>Header Files</Filter>
    </ClInclude>
    <ClInclude Include="scrypt\scrypt.h">
      <Filter>Header Files</Filter>
    </ClInclude>
  </ItemGroup>
</Project>